
Microsoft Visual Studio Solution File, Format Version 12.00
# Visual Studio 2017
Project("{FAE04EC0-301F-11D3-BF4B-00C04F79EFBC}") = "ProyectoAR", "ProyectoAR.csproj", "{F7C02922-6B4D-B2A8-25B2-BE903957F2B3}"
EndProject
Project("{FAE04EC0-301F-11D3-BF4B-00C04F79EFBC}") = "ProyectoAR.Editor", "ProyectoAR.Editor.csproj", "{F2109599-4E32-AB75-B866-A1F4AA6F9C63}"
EndProject
Global
	GlobalSection(SolutionConfigurationPlatforms) = preSolution
		Debug|Any CPU = Debug|Any CPU
		Release|Any CPU = Release|Any CPU
	EndGlobalSection
	GlobalSection(ProjectConfigurationPlatforms) = postSolution
		{F7C02922-6B4D-B2A8-25B2-BE903957F2B3}.Debug|Any CPU.ActiveCfg = Debug|Any CPU
		{F7C02922-6B4D-B2A8-25B2-BE903957F2B3}.Debug|Any CPU.Build.0 = Debug|Any CPU
		{F7C02922-6B4D-B2A8-25B2-BE903957F2B3}.Release|Any CPU.ActiveCfg = Release|Any CPU
		{F7C02922-6B4D-B2A8-25B2-BE903957F2B3}.Release|Any CPU.Build.0 = Release|Any CPU
		{F2109599-4E32-AB75-B866-A1F4AA6F9C63}.Debug|Any CPU.ActiveCfg = Debug|Any CPU
		{F2109599-4E32-AB75-B866-A1F4AA6F9C63}.Debug|Any CPU.Build.0 = Debug|Any CPU
		{F2109599-4E32-AB75-B866-A1F4AA6F9C63}.Release|Any CPU.ActiveCfg = Release|Any CPU
		{F2109599-4E32-AB75-B866-A1F4AA6F9C63}.Release|Any CPU.Build.0 = Release|Any CPU
	EndGlobalSection
	GlobalSection(SolutionProperties) = preSolution
		HideSolutionNode = FALSE
	EndGlobalSection
EndGlobal
