
Microsoft Visual Studio Solution File, Format Version 12.00
# Visual Studio 2017
Project("{FAE04EC0-301F-11D3-BF4B-00C04F79EFBC}") = "Proyecto3DCardboard", "Proyecto3DCardboard.csproj", "{7EB96490-9824-74D6-1790-DB070420DE41}"
EndProject
Project("{FAE04EC0-301F-11D3-BF4B-00C04F79EFBC}") = "Proyecto3DCardboard.Plugins", "Proyecto3DCardboard.Plugins.csproj", "{CA423E3B-2987-04EF-91AC-C027C461666E}"
EndProject
Project("{FAE04EC0-301F-11D3-BF4B-00C04F79EFBC}") = "Proyecto3DCardboard.Editor.Plugins", "Proyecto3DCardboard.Editor.Plugins.csproj", "{6134BDDB-328E-6F99-1739-8315794231D7}"
EndProject
Project("{FAE04EC0-301F-11D3-BF4B-00C04F79EFBC}") = "Proyecto3DCardboard.Editor", "Proyecto3DCardboard.Editor.csproj", "{8C135029-A120-8B71-6D30-BED80121C8E2}"
EndProject
Global
	GlobalSection(SolutionConfigurationPlatforms) = preSolution
		Debug|Any CPU = Debug|Any CPU
		Release|Any CPU = Release|Any CPU
	EndGlobalSection
	GlobalSection(ProjectConfigurationPlatforms) = postSolution
		{7EB96490-9824-74D6-1790-DB070420DE41}.Debug|Any CPU.ActiveCfg = Debug|Any CPU
		{7EB96490-9824-74D6-1790-DB070420DE41}.Debug|Any CPU.Build.0 = Debug|Any CPU
		{7EB96490-9824-74D6-1790-DB070420DE41}.Release|Any CPU.ActiveCfg = Release|Any CPU
		{7EB96490-9824-74D6-1790-DB070420DE41}.Release|Any CPU.Build.0 = Release|Any CPU
		{CA423E3B-2987-04EF-91AC-C027C461666E}.Debug|Any CPU.ActiveCfg = Debug|Any CPU
		{CA423E3B-2987-04EF-91AC-C027C461666E}.Debug|Any CPU.Build.0 = Debug|Any CPU
		{CA423E3B-2987-04EF-91AC-C027C461666E}.Release|Any CPU.ActiveCfg = Release|Any CPU
		{CA423E3B-2987-04EF-91AC-C027C461666E}.Release|Any CPU.Build.0 = Release|Any CPU
		{6134BDDB-328E-6F99-1739-8315794231D7}.Debug|Any CPU.ActiveCfg = Debug|Any CPU
		{6134BDDB-328E-6F99-1739-8315794231D7}.Debug|Any CPU.Build.0 = Debug|Any CPU
		{6134BDDB-328E-6F99-1739-8315794231D7}.Release|Any CPU.ActiveCfg = Release|Any CPU
		{6134BDDB-328E-6F99-1739-8315794231D7}.Release|Any CPU.Build.0 = Release|Any CPU
		{8C135029-A120-8B71-6D30-BED80121C8E2}.Debug|Any CPU.ActiveCfg = Debug|Any CPU
		{8C135029-A120-8B71-6D30-BED80121C8E2}.Debug|Any CPU.Build.0 = Debug|Any CPU
		{8C135029-A120-8B71-6D30-BED80121C8E2}.Release|Any CPU.ActiveCfg = Release|Any CPU
		{8C135029-A120-8B71-6D30-BED80121C8E2}.Release|Any CPU.Build.0 = Release|Any CPU
	EndGlobalSection
	GlobalSection(SolutionProperties) = preSolution
		HideSolutionNode = FALSE
	EndGlobalSection
EndGlobal
